
Microsoft Visual Studio Solution File, Format Version 12.00
# Visual Studio Version 17
VisualStudioVersion = 17.9.34723.18
MinimumVisualStudioVersion = 10.0.40219.1
Project("{FAE04EC0-301F-11D3-BF4B-00C04F79EFBC}") = "OnlineShop", "OnlineShop\OnlineShop.csproj", "{C6D9C894-07F5-4A0B-97D1-FDBC6DEE1074}"
EndProject
Project("{FAE04EC0-301F-11D3-BF4B-00C04F79EFBC}") = "ClassLibrary1", "ClassLibrary1\ClassLibrary1.csproj", "{B3D4FCE4-A36A-444D-AEC7-6B87F90BB37B}"
EndProject
Global
	GlobalSection(SolutionConfigurationPlatforms) = preSolution
		Debug|Any CPU = Debug|Any CPU
		Release|Any CPU = Release|Any CPU
	EndGlobalSection
	GlobalSection(ProjectConfigurationPlatforms) = postSolution
		{C6D9C894-07F5-4A0B-97D1-FDBC6DEE1074}.Debug|Any CPU.ActiveCfg = Debug|Any CPU
		{C6D9C894-07F5-4A0B-97D1-FDBC6DEE1074}.Debug|Any CPU.Build.0 = Debug|Any CPU
		{C6D9C894-07F5-4A0B-97D1-FDBC6DEE1074}.Release|Any CPU.ActiveCfg = Release|Any CPU
		{C6D9C894-07F5-4A0B-97D1-FDBC6DEE1074}.Release|Any CPU.Build.0 = Release|Any CPU
		{B3D4FCE4-A36A-444D-AEC7-6B87F90BB37B}.Debug|Any CPU.ActiveCfg = Debug|Any CPU
		{B3D4FCE4-A36A-444D-AEC7-6B87F90BB37B}.Debug|Any CPU.Build.0 = Debug|Any CPU
		{B3D4FCE4-A36A-444D-AEC7-6B87F90BB37B}.Release|Any CPU.ActiveCfg = Release|Any CPU
		{B3D4FCE4-A36A-444D-AEC7-6B87F90BB37B}.Release|Any CPU.Build.0 = Release|Any CPU
	EndGlobalSection
	GlobalSection(SolutionProperties) = preSolution
		HideSolutionNode = FALSE
	EndGlobalSection
	GlobalSection(ExtensibilityGlobals) = postSolution
		SolutionGuid = {E65A33B6-33B5-43CB-B844-10BD7BEEA857}
	EndGlobalSection
EndGlobal
